version = 1
revision = 2
requires-python = ">=3.8"
resolution-markers = [
    "python_full_version >= '3.10'",
    "python_full_version == '3.9.*'",
    "python_full_version < '3.9'",
]

[[package]]
name = "bda-resume-parser"
version = "0.1.0"
source = { editable = "." }
dependencies = [
    { name = "boto3", version = "1.37.38", source = { registry = "https://pypi.org/simple" }, marker = "python_full_version < '3.9'" },
    { name = "boto3", version = "1.40.35", source = { registry = "https://pypi.org/simple" }, marker = "python_full_version >= '3.9'" },
    { name = "botocore", version = "1.37.38", source = { registry = "https://pypi.org/simple" }, marker = "python_full_version < '3.9'" },
    { name = "botocore", version = "1.40.35", source = { registry = "https://pypi.org/simple" }, marker = "python_full_version >= '3.9'" },
]

[package.metadata]
requires-dist = [
    { name = "boto3", specifier = ">=1.34.0" },
    { name = "botocore", specifier = ">=1.34.0" },
]

[[package]]
name = "boto3"
version = "1.37.38"
source = { registry = "https://pypi.org/simple" }
resolution-markers = [
    "python_full_version < '3.9'",
]
dependencies = [
    { name = "botocore", version = "1.37.38", source = { registry = "https://pypi.org/simple" }, marker = "python_full_version < '3.9'" },
    { name = "jmespath", marker = "python_full_version < '3.9'" },
    { name = "s3transfer", version = "0.11.5", source = { registry = "https://pypi.org/simple" }, marker = "python_full_version < '3.9'" },
]
sdist = { url = "https://files.pythonhosted.org/packages/0d/b5/d1c2e8c484cea43891629bbab6ca90ce9ca932586750bc0e786c8f096ccf/boto3-1.37.38.tar.gz", hash = "sha256:88c02910933ab7777597d1ca7c62375f52822e0aa1a8e0c51b2598a547af42b2", size = 111623, upload-time = "2025-04-21T19:27:18.06Z" }
wheels = [
    { url = "https://files.pythonhosted.org/packages/d3/87/8189f22ee798177bc7b40afd13f046442c5f91b699e70a950b42ff447e80/boto3-1.37.38-py3-none-any.whl", hash = "sha256:b6d42803607148804dff82389757827a24ce9271f0583748853934c86310999f", size = 139922, upload-time = "2025-04-21T19:27:16.107Z" },
]

[[package]]
name = "boto3"
version = "1.40.35"
source = { registry = "https://pypi.org/simple" }
resolution-markers = [
    "python_full_version >= '3.10'",
    "python_full_version == '3.9.*'",
]
dependencies = [
    { name = "botocore", version = "1.40.35", source = { registry = "https://pypi.org/simple" }, marker = "python_full_version >= '3.9'" },
    { name = "jmespath", marker = "python_full_version >= '3.9'" },
    { name = "s3transfer", version = "0.14.0", source = { registry = "https://pypi.org/simple" }, marker = "python_full_version >= '3.9'" },
]
sdist = { url = "https://files.pythonhosted.org/packages/08/d0/9082261eb9afbb88896fa2ce018fa10750f32572ab356f13f659761bc5b5/boto3-1.40.35.tar.gz", hash = "sha256:d718df3591c829bcca4c498abb7b09d64d1eecc4e5a2b6cef14b476501211b8a", size = 111563, upload-time = "2025-09-19T19:41:07.704Z" }
wheels = [
    { url = "https://files.pythonhosted.org/packages/db/26/08d814db09dc46eab747c7ebe1d4af5b5158b68e1d7de82ecc71d419eab3/boto3-1.40.35-py3-none-any.whl", hash = "sha256:f4c1b01dd61e7733b453bca38b004ce030e26ee36e7a3d4a9e45a730b67bc38d", size = 139346, upload-time = "2025-09-19T19:41:05.929Z" },
]

[[package]]
name = "botocore"
version = "1.37.38"
source = { registry = "https://pypi.org/simple" }
resolution-markers = [
    "python_full_version < '3.9'",
]
dependencies = [
    { name = "jmespath", marker = "python_full_version < '3.9'" },
    { name = "python-dateutil", marker = "python_full_version < '3.9'" },
    { name = "urllib3", version = "1.26.20", source = { registry = "https://pypi.org/simple" }, marker = "python_full_version < '3.9'" },
]
sdist = { url = "https://files.pythonhosted.org/packages/34/79/4e072e614339727f79afef704e5993b5b4d2667c1671c757cc4deb954744/botocore-1.37.38.tar.gz", hash = "sha256:c3ea386177171f2259b284db6afc971c959ec103fa2115911c4368bea7cbbc5d", size = 13832365, upload-time = "2025-04-21T19:27:05.245Z" }
wheels = [
    { url = "https://files.pythonhosted.org/packages/55/1b/93f3504afc7c523dcaa8a8147cfc75421983e30b08d9f93a533929589630/botocore-1.37.38-py3-none-any.whl", hash = "sha256:23b4097780e156a4dcaadfc1ed156ce25cb95b6087d010c4bb7f7f5d9bc9d219", size = 13499391, upload-time = "2025-04-21T19:27:00.869Z" },
]

[[package]]
name = "botocore"
version = "1.40.35"
source = { registry = "https://pypi.org/simple" }
resolution-markers = [
    "python_full_version >= '3.10'",
    "python_full_version == '3.9.*'",
]
dependencies = [
    { name = "jmespath", marker = "python_full_version >= '3.9'" },
    { name = "python-dateutil", marker = "python_full_version >= '3.9'" },
    { name = "urllib3", version = "1.26.20", source = { registry = "https://pypi.org/simple" }, marker = "python_full_version == '3.9.*'" },
    { name = "urllib3", version = "2.5.0", source = { registry = "https://pypi.org/simple" }, marker = "python_full_version >= '3.10'" },
]
sdist = { url = "https://files.pythonhosted.org/packages/da/6f/37f40da07f3cdde367f620874f76b828714409caf8466def65aede6bdf59/botocore-1.40.35.tar.gz", hash = "sha256:67e062752ff579c8cc25f30f9c3a84c72d692516a41a9ee1cf17735767ca78be", size = 14350022, upload-time = "2025-09-19T19:40:56.781Z" }
wheels = [
    { url = "https://files.pythonhosted.org/packages/42/f4/9942dfb01a8a849daac34b15d5b7ca994c52ef131db2fa3f6e6995f61e0a/botocore-1.40.35-py3-none-any.whl", hash = "sha256:c545de2cbbce161f54ca589fbb677bae14cdbfac7d5f1a27f6a620cb057c26f4", size = 14020774, upload-time = "2025-09-19T19:40:53.498Z" },
]

[[package]]
name = "jmespath"
version = "1.0.1"
source = { registry = "https://pypi.org/simple" }
sdist = { url = "https://files.pythonhosted.org/packages/00/2a/e867e8531cf3e36b41201936b7fa7ba7b5702dbef42922193f05c8976cd6/jmespath-1.0.1.tar.gz", hash = "sha256:90261b206d6defd58fdd5e85f478bf633a2901798906be2ad389150c5c60edbe", size = 25843, upload-time = "2022-06-17T18:00:12.224Z" }
wheels = [
    { url = "https://files.pythonhosted.org/packages/31/b4/b9b800c45527aadd64d5b442f9b932b00648617eb5d63d2c7a6587b7cafc/jmespath-1.0.1-py3-none-any.whl", hash = "sha256:02e2e4cc71b5bcab88332eebf907519190dd9e6e82107fa7f83b1003a6252980", size = 20256, upload-time = "2022-06-17T18:00:10.251Z" },
]

[[package]]
name = "python-dateutil"
version = "2.9.0.post0"
source = { registry = "https://pypi.org/simple" }
dependencies = [
    { name = "six" },
]
sdist = { url = "https://files.pythonhosted.org/packages/66/c0/0c8b6ad9f17a802ee498c46e004a0eb49bc148f2fd230864601a86dcf6db/python-dateutil-2.9.0.post0.tar.gz", hash = "sha256:37dd54208da7e1cd875388217d5e00ebd4179249f90fb72437e91a35459a0ad3", size = 342432, upload-time = "2024-03-01T18:36:20.211Z" }
wheels = [
    { url = "https://files.pythonhosted.org/packages/ec/57/56b9bcc3c9c6a792fcbaf139543cee77261f3651ca9da0c93f5c1221264b/python_dateutil-2.9.0.post0-py2.py3-none-any.whl", hash = "sha256:a8b2bc7bffae282281c8140a97d3aa9c14da0b136dfe83f850eea9a5f7470427", size = 229892, upload-time = "2024-03-01T18:36:18.57Z" },
]

[[package]]
name = "s3transfer"
version = "0.11.5"
source = { registry = "https://pypi.org/simple" }
resolution-markers = [
    "python_full_version < '3.9'",
]
dependencies = [
    { name = "botocore", version = "1.37.38", source = { registry = "https://pypi.org/simple" }, marker = "python_full_version < '3.9'" },
]
sdist = { url = "https://files.pythonhosted.org/packages/c4/2b/5c9562795c2eb2b5f63536961754760c25bf0f34af93d36aa28dea2fb303/s3transfer-0.11.5.tar.gz", hash = "sha256:8c8aad92784779ab8688a61aefff3e28e9ebdce43142808eaa3f0b0f402f68b7", size = 149107, upload-time = "2025-04-17T19:23:19.051Z" }
wheels = [
    { url = "https://files.pythonhosted.org/packages/45/39/13402e323666d17850eca87e4cd6ecfcf9fd7809cac9efdcce10272fc29d/s3transfer-0.11.5-py3-none-any.whl", hash = "sha256:757af0f2ac150d3c75bc4177a32355c3862a98d20447b69a0161812992fe0bd4", size = 84782, upload-time = "2025-04-17T19:23:17.516Z" },
]

[[package]]
name = "s3transfer"
version = "0.14.0"
source = { registry = "https://pypi.org/simple" }
resolution-markers = [
    "python_full_version >= '3.10'",
    "python_full_version == '3.9.*'",
]
dependencies = [
    { name = "botocore", version = "1.40.35", source = { registry = "https://pypi.org/simple" }, marker = "python_full_version >= '3.9'" },
]
sdist = { url = "https://files.pythonhosted.org/packages/62/74/8d69dcb7a9efe8baa2046891735e5dfe433ad558ae23d9e3c14c633d1d58/s3transfer-0.14.0.tar.gz", hash = "sha256:eff12264e7c8b4985074ccce27a3b38a485bb7f7422cc8046fee9be4983e4125", size = 151547, upload-time = "2025-09-09T19:23:31.089Z" }
wheels = [
    { url = "https://files.pythonhosted.org/packages/48/f0/ae7ca09223a81a1d890b2557186ea015f6e0502e9b8cb8e1813f1d8cfa4e/s3transfer-0.14.0-py3-none-any.whl", hash = "sha256:ea3b790c7077558ed1f02a3072fb3cb992bbbd253392f4b6e9e8976941c7d456", size = 85712, upload-time = "2025-09-09T19:23:30.041Z" },
]

[[package]]
name = "six"
version = "1.17.0"
source = { registry = "https://pypi.org/simple" }
sdist = { url = "https://files.pythonhosted.org/packages/94/e7/b2c673351809dca68a0e064b6af791aa332cf192da575fd474ed7d6f16a2/six-1.17.0.tar.gz", hash = "sha256:ff70335d468e7eb6ec65b95b99d3a2836546063f63acc5171de367e834932a81", size = 34031, upload-time = "2024-12-04T17:35:28.174Z" }
wheels = [
    { url = "https://files.pythonhosted.org/packages/b7/ce/149a00dd41f10bc29e5921b496af8b574d8413afcd5e30dfa0ed46c2cc5e/six-1.17.0-py2.py3-none-any.whl", hash = "sha256:4721f391ed90541fddacab5acf947aa0d3dc7d27b2e1e8eda2be8970586c3274", size = 11050, upload-time = "2024-12-04T17:35:26.475Z" },
]

[[package]]
name = "urllib3"
version = "1.26.20"
source = { registry = "https://pypi.org/simple" }
resolution-markers = [
    "python_full_version == '3.9.*'",
    "python_full_version < '3.9'",
]
sdist = { url = "https://files.pythonhosted.org/packages/e4/e8/6ff5e6bc22095cfc59b6ea711b687e2b7ed4bdb373f7eeec370a97d7392f/urllib3-1.26.20.tar.gz", hash = "sha256:40c2dc0c681e47eb8f90e7e27bf6ff7df2e677421fd46756da1161c39ca70d32", size = 307380, upload-time = "2024-08-29T15:43:11.37Z" }
wheels = [
    { url = "https://files.pythonhosted.org/packages/33/cf/8435d5a7159e2a9c83a95896ed596f68cf798005fe107cc655b5c5c14704/urllib3-1.26.20-py2.py3-none-any.whl", hash = "sha256:0ed14ccfbf1c30a9072c7ca157e4319b70d65f623e91e7b32fadb2853431016e", size = 144225, upload-time = "2024-08-29T15:43:08.921Z" },
]

[[package]]
name = "urllib3"
version = "2.5.0"
source = { registry = "https://pypi.org/simple" }
resolution-markers = [
    "python_full_version >= '3.10'",
]
sdist = { url = "https://files.pythonhosted.org/packages/15/22/9ee70a2574a4f4599c47dd506532914ce044817c7752a79b6a51286319bc/urllib3-2.5.0.tar.gz", hash = "sha256:3fc47733c7e419d4bc3f6b3dc2b4f890bb743906a30d56ba4a5bfa4bbff92760", size = 393185, upload-time = "2025-06-18T14:07:41.644Z" }
wheels = [
    { url = "https://files.pythonhosted.org/packages/a7/c2/fe1e52489ae3122415c51f387e221dd0773709bad6c6cdaa599e8a2c5185/urllib3-2.5.0-py3-none-any.whl", hash = "sha256:e6b01673c0fa6a13e374b50871808eb3bf7046c4b125b216f6bf1cc604cff0dc", size = 129795, upload-time = "2025-06-18T14:07:40.39Z" },
]
